// !$*UTF8*$!
{
	archiveVersion = 1;
	classes = {
	};
	objectVersion = 46;
	objects = {

/* Begin PBXBuildFile section */
		74B5E1449C6F7558DB8FA1AF /* Rake.m in Sources */ = {isa = PBXBuildFile; fileRef = 74B5E56621A0475F93DC6141 /* Rake.m */; };
		74B5E365D3EDFB9E37D5DCD7 /* main.m in Sources */ = {isa = PBXBuildFile; fileRef = 74B5E4B6D72C6C2D627E1D3C /* main.m */; };
		74B5E366E724EFBE9843DD2F /* Main.storyboard in Resources */ = {isa = PBXBuildFile; fileRef = 74B5EDBA63245E0C8C60358E /* Main.storyboard */; };
		74B5E36B5AF814C7608E2097 /* Rake.h in Headers */ = {isa = PBXBuildFile; fileRef = 74B5EDEDE2E128E639D57DFE /* Rake.h */; };
		74B5E3DDE6FA428B125F42AA /* LaunchScreen.xib in Resources */ = {isa = PBXBuildFile; fileRef = 74B5EB81F195361C33B214BA /* LaunchScreen.xib */; };
		74B5E6E4DFF6FBAE92582E31 /* NSData+RKBase64.m in Sources */ = {isa = PBXBuildFile; fileRef = 74B5E15518BF9350C28EA50D /* NSData+RKBase64.m */; };
		74B5E7067B679C3013BEDB98 /* RakeTests.m in Sources */ = {isa = PBXBuildFile; fileRef = 74B5E18023B488D60FF61337 /* RakeTests.m */; };
		74B5E7F3D31B94536C0A07BD /* Images.xcassets in Resources */ = {isa = PBXBuildFile; fileRef = 74B5EB7EFA08AFAD4EABA662 /* Images.xcassets */; };
		74B5E88D5651BFF471601732 /* ViewController.m in Sources */ = {isa = PBXBuildFile; fileRef = 74B5EEBAF22332F4A0E949D2 /* ViewController.m */; };
		74B5E98EC7A0228F66F2351F /* TestAppTests.m in Sources */ = {isa = PBXBuildFile; fileRef = 74B5E471F899EC6C0FF70026 /* TestAppTests.m */; };
		74B5E9C089B80D952903213B /* TODO.md in Resources */ = {isa = PBXBuildFile; fileRef = 74B5EB7B38ABDA36A7D7CD17 /* TODO.md */; };
		74B5EAC055B751DC37CA987B /* AppSampleSentinelShuttle.m in Sources */ = {isa = PBXBuildFile; fileRef = 74B5EB8F937C91F3F4D70985 /* AppSampleSentinelShuttle.m */; };
		74B5EC9D03CCFAC3DF2D8CFF /* AppDelegate.m in Sources */ = {isa = PBXBuildFile; fileRef = 74B5E3B29F66DF63A1AB18ED /* AppDelegate.m */; };
		74B5ED21B4FA8C481371998F /* Rake.framework in Frameworks */ = {isa = PBXBuildFile; fileRef = 74B5E79439EA832C86FEBBB1 /* Rake.framework */; };
/* End PBXBuildFile section */

/* Begin PBXContainerItemProxy section */
		74B5E56D0E9BB10D906FAE6E /* PBXContainerItemProxy */ = {
			isa = PBXContainerItemProxy;
			containerPortal = 74B5E3E348F48EF8C6D38BCA /* Project object */;
			proxyType = 1;
			remoteGlobalIDString = 74B5E1C293C530F76699AD02;
			remoteInfo = TestApp;
		};
		74B5EFB871AF78EA6DA6BB23 /* PBXContainerItemProxy */ = {
			isa = PBXContainerItemProxy;
			containerPortal = 74B5E3E348F48EF8C6D38BCA /* Project object */;
			proxyType = 1;
			remoteGlobalIDString = 74B5ED524D3F6B67C824EC96;
			remoteInfo = Rake;
		};
/* End PBXContainerItemProxy section */

/* Begin PBXFileReference section */
		74B5E0D7F3519D1E795B8EB5 /* NSData+RKBase64.h */ = {isa = PBXFileReference; fileEncoding = 4; lastKnownFileType = sourcecode.c.h; path = "NSData+RKBase64.h"; sourceTree = "<group>"; };
		74B5E15518BF9350C28EA50D /* NSData+RKBase64.m */ = {isa = PBXFileReference; fileEncoding = 4; lastKnownFileType = sourcecode.c.objc; path = "NSData+RKBase64.m"; sourceTree = "<group>"; };
		74B5E18023B488D60FF61337 /* RakeTests.m */ = {isa = PBXFileReference; lastKnownFileType = sourcecode.c.objc; path = RakeTests.m; sourceTree = "<group>"; };
		74B5E324AC137B1A594DF5D2 /* RakeTests.xctest */ = {isa = PBXFileReference; explicitFileType = wrapper.cfbundle; includeInIndex = 0; path = RakeTests.xctest; sourceTree = BUILT_PRODUCTS_DIR; };
		74B5E3B29F66DF63A1AB18ED /* AppDelegate.m */ = {isa = PBXFileReference; fileEncoding = 4; lastKnownFileType = sourcecode.c.objc; path = AppDelegate.m; sourceTree = "<group>"; };
		74B5E471F899EC6C0FF70026 /* TestAppTests.m */ = {isa = PBXFileReference; lastKnownFileType = sourcecode.c.objc; path = TestAppTests.m; sourceTree = "<group>"; };
		74B5E4B6D72C6C2D627E1D3C /* main.m */ = {isa = PBXFileReference; fileEncoding = 4; lastKnownFileType = sourcecode.c.objc; path = main.m; sourceTree = "<group>"; };
		74B5E4D14C58066AD9FCA19F /* AppDelegate.h */ = {isa = PBXFileReference; fileEncoding = 4; lastKnownFileType = sourcecode.c.h; path = AppDelegate.h; sourceTree = "<group>"; };
		74B5E4ECE9F6C750135E7920 /* Info.plist */ = {isa = PBXFileReference; lastKnownFileType = text.plist.info; path = Info.plist; sourceTree = "<group>"; };
		74B5E56621A0475F93DC6141 /* Rake.m */ = {isa = PBXFileReference; fileEncoding = 4; lastKnownFileType = sourcecode.c.objc; path = Rake.m; sourceTree = "<group>"; };
		74B5E79439EA832C86FEBBB1 /* Rake.framework */ = {isa = PBXFileReference; explicitFileType = wrapper.framework; includeInIndex = 0; path = Rake.framework; sourceTree = BUILT_PRODUCTS_DIR; };
		74B5E8A678CB74EEC01B7667 /* Info.plist */ = {isa = PBXFileReference; lastKnownFileType = text.plist.info; path = Info.plist; sourceTree = "<group>"; };
		74B5E914EB4F2B5059928CEF /* Rake-Prefix.pch */ = {isa = PBXFileReference; fileEncoding = 4; lastKnownFileType = sourcecode.c.h; path = "Rake-Prefix.pch"; sourceTree = "<group>"; };
		74B5EA25ECDCB7C044134223 /* TestAppTests.xctest */ = {isa = PBXFileReference; explicitFileType = wrapper.cfbundle; includeInIndex = 0; path = TestAppTests.xctest; sourceTree = BUILT_PRODUCTS_DIR; };
		74B5EAFD620EC0334F7187A7 /* Base */ = {isa = PBXFileReference; lastKnownFileType = file.xib; name = Base; path = Base.lproj/LaunchScreen.xib; sourceTree = "<group>"; };
		74B5EB7B38ABDA36A7D7CD17 /* TODO.md */ = {isa = PBXFileReference; lastKnownFileType = file.md; path = TODO.md; sourceTree = "<group>"; };
		74B5EB7EFA08AFAD4EABA662 /* Images.xcassets */ = {isa = PBXFileReference; lastKnownFileType = folder.assetcatalog; path = Images.xcassets; sourceTree = "<group>"; };
		74B5EB8F937C91F3F4D70985 /* AppSampleSentinelShuttle.m */ = {isa = PBXFileReference; fileEncoding = 4; lastKnownFileType = sourcecode.c.objc; path = AppSampleSentinelShuttle.m; sourceTree = "<group>"; };
		74B5EB9AD195CB6CC88EE0AC /* Info.plist */ = {isa = PBXFileReference; lastKnownFileType = text.plist.info; path = Info.plist; sourceTree = "<group>"; };
		74B5EC57AE1F620ECEE9E244 /* Base */ = {isa = PBXFileReference; lastKnownFileType = file.storyboard; name = Base; path = Base.lproj/Main.storyboard; sourceTree = "<group>"; };
		74B5ECFE622C2FD7CC62F1F9 /* Info.plist */ = {isa = PBXFileReference; lastKnownFileType = text.plist.info; path = Info.plist; sourceTree = "<group>"; };
		74B5ED8402A35FF0CB9239C5 /* AppSampleSentinelShuttle.h */ = {isa = PBXFileReference; fileEncoding = 4; lastKnownFileType = sourcecode.c.h; path = AppSampleSentinelShuttle.h; sourceTree = "<group>"; };
		74B5EDEDE2E128E639D57DFE /* Rake.h */ = {isa = PBXFileReference; lastKnownFileType = sourcecode.c.h; path = Rake.h; sourceTree = "<group>"; };
		74B5EE3D92147563F4BCFF43 /* TestApp.app */ = {isa = PBXFileReference; explicitFileType = wrapper.application; includeInIndex = 0; path = TestApp.app; sourceTree = BUILT_PRODUCTS_DIR; };
		74B5EEBAF22332F4A0E949D2 /* ViewController.m */ = {isa = PBXFileReference; fileEncoding = 4; lastKnownFileType = sourcecode.c.objc; path = ViewController.m; sourceTree = "<group>"; };
		74B5EF443B4BCC821B6C45BA /* ViewController.h */ = {isa = PBXFileReference; fileEncoding = 4; lastKnownFileType = sourcecode.c.h; path = ViewController.h; sourceTree = "<group>"; };
/* End PBXFileReference section */

/* Begin PBXFrameworksBuildPhase section */
		74B5E0C2AFE8742A74C69713 /* Frameworks */ = {
			isa = PBXFrameworksBuildPhase;
			buildActionMask = 2147483647;
			files = (
			);
			runOnlyForDeploymentPostprocessing = 0;
		};
		74B5E1A5247DA018240ED9F7 /* Frameworks */ = {
			isa = PBXFrameworksBuildPhase;
			buildActionMask = 2147483647;
			files = (
			);
			runOnlyForDeploymentPostprocessing = 0;
		};
		74B5E2CDB2F0297829C097B4 /* Frameworks */ = {
			isa = PBXFrameworksBuildPhase;
			buildActionMask = 2147483647;
			files = (
			);
			runOnlyForDeploymentPostprocessing = 0;
		};
		74B5E87A761775F158B137E6 /* Frameworks */ = {
			isa = PBXFrameworksBuildPhase;
			buildActionMask = 2147483647;
			files = (
				74B5ED21B4FA8C481371998F /* Rake.framework in Frameworks */,
			);
			runOnlyForDeploymentPostprocessing = 0;
		};
/* End PBXFrameworksBuildPhase section */

/* Begin PBXGroup section */
		74B5E4051BC15A1BCD1FF219 /* Rake */ = {
			isa = PBXGroup;
			children = (
				74B5E4ECF795ACF2C890DB90 /* Supporting Files */,
				74B5EDEDE2E128E639D57DFE /* Rake.h */,
				74B5E15518BF9350C28EA50D /* NSData+RKBase64.m */,
				74B5E914EB4F2B5059928CEF /* Rake-Prefix.pch */,
				74B5E0D7F3519D1E795B8EB5 /* NSData+RKBase64.h */,
				74B5E56621A0475F93DC6141 /* Rake.m */,
			);
			path = Rake;
			sourceTree = "<group>";
		};
		74B5E4524576207B5C064FA5 /* RakeTests */ = {
			isa = PBXGroup;
			children = (
				74B5EC9ABFD6F18A806C2C6D /* Supporting Files */,
				74B5E18023B488D60FF61337 /* RakeTests.m */,
			);
			path = RakeTests;
			sourceTree = "<group>";
		};
		74B5E4ECF795ACF2C890DB90 /* Supporting Files */ = {
			isa = PBXGroup;
			children = (
				74B5ECFE622C2FD7CC62F1F9 /* Info.plist */,
			);
			name = "Supporting Files";
			sourceTree = "<group>";
		};
		74B5E4F7BFD881C74B25EB1C /* Rake */ = {
			isa = PBXGroup;
			children = (
			);
			path = Rake;
			sourceTree = "<group>";
		};
		74B5E582C96AC00BF96F5F3F /* Supporting Files */ = {
			isa = PBXGroup;
			children = (
				74B5E8A678CB74EEC01B7667 /* Info.plist */,
			);
			name = "Supporting Files";
			sourceTree = "<group>";
		};
		74B5E7C066EF493DCE746F10 /* Supporting Files */ = {
			isa = PBXGroup;
			children = (
				74B5EB9AD195CB6CC88EE0AC /* Info.plist */,
			);
			name = "Supporting Files";
			sourceTree = "<group>";
		};
		74B5E89C6126535FE9B3C3D6 /* AppDelegate */ = {
			isa = PBXGroup;
			children = (
				74B5E4D14C58066AD9FCA19F /* AppDelegate.h */,
				74B5E3B29F66DF63A1AB18ED /* AppDelegate.m */,
			);
			path = AppDelegate;
			sourceTree = "<group>";
		};
		74B5E930E5A00D942233636A = {
			isa = PBXGroup;
			children = (
				74B5E9BF1F587C1EC494BE7D /* Products */,
				74B5EFCD71820D669B9A9B6B /* TestApp */,
				74B5EC82EAE184A68CFB4CDA /* TestAppTests */,
				74B5E4051BC15A1BCD1FF219 /* Rake */,
				74B5E4524576207B5C064FA5 /* RakeTests */,
				74B5EB7B38ABDA36A7D7CD17 /* TODO.md */,
			);
			sourceTree = "<group>";
		};
		74B5E9BF1F587C1EC494BE7D /* Products */ = {
			isa = PBXGroup;
			children = (
				74B5EE3D92147563F4BCFF43 /* TestApp.app */,
				74B5EA25ECDCB7C044134223 /* TestAppTests.xctest */,
				74B5E79439EA832C86FEBBB1 /* Rake.framework */,
				74B5E324AC137B1A594DF5D2 /* RakeTests.xctest */,
			);
			name = Products;
			sourceTree = "<group>";
		};
		74B5EA113165C056E6394205 /* Main */ = {
			isa = PBXGroup;
			children = (
				74B5E4B6D72C6C2D627E1D3C /* main.m */,
			);
			path = Main;
			sourceTree = "<group>";
		};
		74B5EB49AB0B681EA6D3A6D1 /* Library */ = {
			isa = PBXGroup;
			children = (
				74B5EE216DA978954CF900FC /* Shuttle */,
				74B5E4F7BFD881C74B25EB1C /* Rake */,
			);
			path = Library;
			sourceTree = "<group>";
		};
		74B5EC82EAE184A68CFB4CDA /* TestAppTests */ = {
			isa = PBXGroup;
			children = (
				74B5E7C066EF493DCE746F10 /* Supporting Files */,
				74B5E471F899EC6C0FF70026 /* TestAppTests.m */,
			);
			path = TestAppTests;
			sourceTree = "<group>";
		};
		74B5EC9ABFD6F18A806C2C6D /* Supporting Files */ = {
			isa = PBXGroup;
			children = (
				74B5E4ECE9F6C750135E7920 /* Info.plist */,
			);
			name = "Supporting Files";
			sourceTree = "<group>";
		};
		74B5EE216DA978954CF900FC /* Shuttle */ = {
			isa = PBXGroup;
			children = (
				74B5ED8402A35FF0CB9239C5 /* AppSampleSentinelShuttle.h */,
				74B5EB8F937C91F3F4D70985 /* AppSampleSentinelShuttle.m */,
			);
			path = Shuttle;
			sourceTree = "<group>";
		};
		74B5EF412C7815BA4ED19362 /* Controller */ = {
			isa = PBXGroup;
			children = (
				74B5EF443B4BCC821B6C45BA /* ViewController.h */,
				74B5EEBAF22332F4A0E949D2 /* ViewController.m */,
			);
			path = Controller;
			sourceTree = "<group>";
		};
		74B5EFCD71820D669B9A9B6B /* TestApp */ = {
			isa = PBXGroup;
			children = (
				74B5E582C96AC00BF96F5F3F /* Supporting Files */,
				74B5EB7EFA08AFAD4EABA662 /* Images.xcassets */,
				74B5EB81F195361C33B214BA /* LaunchScreen.xib */,
				74B5EDBA63245E0C8C60358E /* Main.storyboard */,
				74B5EF412C7815BA4ED19362 /* Controller */,
				74B5E89C6126535FE9B3C3D6 /* AppDelegate */,
				74B5EA113165C056E6394205 /* Main */,
				74B5EB49AB0B681EA6D3A6D1 /* Library */,
			);
			path = TestApp;
			sourceTree = "<group>";
		};
/* End PBXGroup section */

/* Begin PBXHeadersBuildPhase section */
		74B5E128CC54899611ADE2C1 /* Headers */ = {
			isa = PBXHeadersBuildPhase;
			buildActionMask = 2147483647;
			files = (
				74B5E36B5AF814C7608E2097 /* Rake.h in Headers */,
			);
			runOnlyForDeploymentPostprocessing = 0;
		};
/* End PBXHeadersBuildPhase section */

/* Begin PBXNativeTarget section */
		74B5E1C293C530F76699AD02 /* TestApp */ = {
			isa = PBXNativeTarget;
			buildConfigurationList = 74B5EBC29BE50172925D829D /* Build configuration list for PBXNativeTarget "TestApp" */;
			buildPhases = (
				74B5ED005843A045F51E50AA /* Sources */,
				74B5E1A5247DA018240ED9F7 /* Frameworks */,
				74B5E6D1645B64FB661E16ED /* Resources */,
			);
			buildRules = (
			);
			dependencies = (
			);
			name = TestApp;
			productName = TestApp;
			productReference = 74B5EE3D92147563F4BCFF43 /* TestApp.app */;
			productType = "com.apple.product-type.application";
		};
		74B5E7F9CC2FA6D3807C3856 /* RakeTests */ = {
			isa = PBXNativeTarget;
			buildConfigurationList = 74B5EB7CC1A5505C3C939B7B /* Build configuration list for PBXNativeTarget "RakeTests" */;
			buildPhases = (
				74B5ECA5E81BA862334BD3FD /* Sources */,
				74B5E87A761775F158B137E6 /* Frameworks */,
				74B5EAB8FFC7811E837FE74F /* Resources */,
			);
			buildRules = (
			);
			dependencies = (
				74B5E0046E347EC0054B9090 /* PBXTargetDependency */,
			);
			name = RakeTests;
			productName = RakeTests;
			productReference = 74B5E324AC137B1A594DF5D2 /* RakeTests.xctest */;
			productType = "com.apple.product-type.bundle.unit-test";
		};
		74B5E97D9EC9D0BE8513D12D /* TestAppTests */ = {
			isa = PBXNativeTarget;
			buildConfigurationList = 74B5E5203D5FACC3C5D83C35 /* Build configuration list for PBXNativeTarget "TestAppTests" */;
			buildPhases = (
				74B5E03749B61F9E1E785257 /* Sources */,
				74B5E0C2AFE8742A74C69713 /* Frameworks */,
				74B5EFEFCF0EE0935B086021 /* Resources */,
			);
			buildRules = (
			);
			dependencies = (
				74B5EB9F6497FD18AB4732AC /* PBXTargetDependency */,
			);
			name = TestAppTests;
			productName = TestAppTests;
			productReference = 74B5EA25ECDCB7C044134223 /* TestAppTests.xctest */;
			productType = "com.apple.product-type.bundle.unit-test";
		};
		74B5ED524D3F6B67C824EC96 /* Rake */ = {
			isa = PBXNativeTarget;
			buildConfigurationList = 74B5E112C64F72AC31821F1E /* Build configuration list for PBXNativeTarget "Rake" */;
			buildPhases = (
				74B5E7C8D168B00E40610268 /* Sources */,
				74B5E2CDB2F0297829C097B4 /* Frameworks */,
				74B5E128CC54899611ADE2C1 /* Headers */,
				74B5EDA01655DE1A59E1574B /* Resources */,
			);
			buildRules = (
			);
			dependencies = (
			);
			name = Rake;
			productName = Rake;
			productReference = 74B5E79439EA832C86FEBBB1 /* Rake.framework */;
			productType = "com.apple.product-type.framework";
		};
/* End PBXNativeTarget section */

/* Begin PBXProject section */
		74B5E3E348F48EF8C6D38BCA /* Project object */ = {
			isa = PBXProject;
			attributes = {
				LastUpgradeCheck = 0630;
			};
			buildConfigurationList = 74B5EBB649821BEE466F135F /* Build configuration list for PBXProject "iphone" */;
			compatibilityVersion = "Xcode 3.2";
			developmentRegion = English;
			hasScannedForEncodings = 0;
			knownRegions = (
				en,
			);
			mainGroup = 74B5E930E5A00D942233636A;
			productRefGroup = 74B5E9BF1F587C1EC494BE7D /* Products */;
			projectDirPath = "";
			projectRoot = "";
			targets = (
				74B5E1C293C530F76699AD02 /* TestApp */,
				74B5E97D9EC9D0BE8513D12D /* TestAppTests */,
				74B5ED524D3F6B67C824EC96 /* Rake */,
				74B5E7F9CC2FA6D3807C3856 /* RakeTests */,
			);
		};
/* End PBXProject section */

/* Begin PBXResourcesBuildPhase section */
		74B5E6D1645B64FB661E16ED /* Resources */ = {
			isa = PBXResourcesBuildPhase;
			buildActionMask = 2147483647;
			files = (
				74B5E7F3D31B94536C0A07BD /* Images.xcassets in Resources */,
				74B5E3DDE6FA428B125F42AA /* LaunchScreen.xib in Resources */,
				74B5E366E724EFBE9843DD2F /* Main.storyboard in Resources */,
				74B5E9C089B80D952903213B /* TODO.md in Resources */,
			);
			runOnlyForDeploymentPostprocessing = 0;
		};
		74B5EAB8FFC7811E837FE74F /* Resources */ = {
			isa = PBXResourcesBuildPhase;
			buildActionMask = 2147483647;
			files = (
			);
			runOnlyForDeploymentPostprocessing = 0;
		};
		74B5EDA01655DE1A59E1574B /* Resources */ = {
			isa = PBXResourcesBuildPhase;
			buildActionMask = 2147483647;
			files = (
			);
			runOnlyForDeploymentPostprocessing = 0;
		};
		74B5EFEFCF0EE0935B086021 /* Resources */ = {
			isa = PBXResourcesBuildPhase;
			buildActionMask = 2147483647;
			files = (
			);
			runOnlyForDeploymentPostprocessing = 0;
		};
/* End PBXResourcesBuildPhase section */

/* Begin PBXSourcesBuildPhase section */
		74B5E03749B61F9E1E785257 /* Sources */ = {
			isa = PBXSourcesBuildPhase;
			buildActionMask = 2147483647;
			files = (
				74B5E98EC7A0228F66F2351F /* TestAppTests.m in Sources */,
			);
			runOnlyForDeploymentPostprocessing = 0;
		};
		74B5E7C8D168B00E40610268 /* Sources */ = {
			isa = PBXSourcesBuildPhase;
			buildActionMask = 2147483647;
			files = (
			);
			runOnlyForDeploymentPostprocessing = 0;
		};
		74B5ECA5E81BA862334BD3FD /* Sources */ = {
			isa = PBXSourcesBuildPhase;
			buildActionMask = 2147483647;
			files = (
				74B5E7067B679C3013BEDB98 /* RakeTests.m in Sources */,
			);
			runOnlyForDeploymentPostprocessing = 0;
		};
		74B5ED005843A045F51E50AA /* Sources */ = {
			isa = PBXSourcesBuildPhase;
			buildActionMask = 2147483647;
			files = (
				74B5E6E4DFF6FBAE92582E31 /* NSData+RKBase64.m in Sources */,
				74B5E1449C6F7558DB8FA1AF /* Rake.m in Sources */,
				74B5E88D5651BFF471601732 /* ViewController.m in Sources */,
				74B5EC9D03CCFAC3DF2D8CFF /* AppDelegate.m in Sources */,
				74B5E365D3EDFB9E37D5DCD7 /* main.m in Sources */,
				74B5EAC055B751DC37CA987B /* AppSampleSentinelShuttle.m in Sources */,
			);
			runOnlyForDeploymentPostprocessing = 0;
		};
/* End PBXSourcesBuildPhase section */

/* Begin PBXTargetDependency section */
		74B5E0046E347EC0054B9090 /* PBXTargetDependency */ = {
			isa = PBXTargetDependency;
			target = 74B5ED524D3F6B67C824EC96 /* Rake */;
			targetProxy = 74B5EFB871AF78EA6DA6BB23 /* PBXContainerItemProxy */;
		};
		74B5EB9F6497FD18AB4732AC /* PBXTargetDependency */ = {
			isa = PBXTargetDependency;
			target = 74B5E1C293C530F76699AD02 /* TestApp */;
			targetProxy = 74B5E56D0E9BB10D906FAE6E /* PBXContainerItemProxy */;
		};
/* End PBXTargetDependency section */

/* Begin PBXVariantGroup section */
		74B5EB81F195361C33B214BA /* LaunchScreen.xib */ = {
			isa = PBXVariantGroup;
			children = (
				74B5EAFD620EC0334F7187A7 /* Base */,
			);
			name = LaunchScreen.xib;
			sourceTree = "<group>";
		};
		74B5EDBA63245E0C8C60358E /* Main.storyboard */ = {
			isa = PBXVariantGroup;
			children = (
				74B5EC57AE1F620ECEE9E244 /* Base */,
			);
			name = Main.storyboard;
			sourceTree = "<group>";
		};
/* End PBXVariantGroup section */

/* Begin XCBuildConfiguration section */
		74B5E0D00939588494763BD0 /* Debug */ = {
			isa = XCBuildConfiguration;
			buildSettings = {
				ALWAYS_SEARCH_USER_PATHS = NO;
				CLANG_CXX_LANGUAGE_STANDARD = "gnu++0x";
				CLANG_CXX_LIBRARY = "libc++";
				CLANG_ENABLE_MODULES = YES;
				CLANG_ENABLE_OBJC_ARC = YES;
				CLANG_WARN_BOOL_CONVERSION = YES;
				CLANG_WARN_CONSTANT_CONVERSION = YES;
				CLANG_WARN_DIRECT_OBJC_ISA_USAGE = YES_ERROR;
				CLANG_WARN_EMPTY_BODY = YES;
				CLANG_WARN_ENUM_CONVERSION = YES;
				CLANG_WARN_INT_CONVERSION = YES;
				CLANG_WARN_OBJC_ROOT_CLASS = YES_ERROR;
				CLANG_WARN_UNREACHABLE_CODE = YES;
				CLANG_WARN__DUPLICATE_METHOD_MATCH = YES;
				"CODE_SIGN_IDENTITY[sdk=iphoneos*]" = "iPhone Developer";
				COPY_PHASE_STRIP = NO;
				DEBUG_INFORMATION_FORMAT = "dwarf-with-dsym";
				ENABLE_STRICT_OBJC_MSGSEND = YES;
				FRAMEWORK_SEARCH_PATHS = (
					"$(SDKROOT)/Developer/Library/Frameworks",
					"$(inherited)",
				);
				GCC_C_LANGUAGE_STANDARD = gnu99;
				GCC_DYNAMIC_NO_PIC = NO;
				GCC_NO_COMMON_BLOCKS = YES;
				GCC_OPTIMIZATION_LEVEL = 0;
				GCC_PREPROCESSOR_DEFINITIONS = (
					"DEBUG=1",
					"$(inherited)",
				);
				GCC_SYMBOLS_PRIVATE_EXTERN = NO;
				GCC_WARN_64_TO_32_BIT_CONVERSION = YES;
				GCC_WARN_ABOUT_RETURN_TYPE = YES_ERROR;
				GCC_WARN_UNDECLARED_SELECTOR = YES;
				GCC_WARN_UNINITIALIZED_AUTOS = YES_AGGRESSIVE;
				GCC_WARN_UNUSED_FUNCTION = YES;
				GCC_WARN_UNUSED_VARIABLE = YES;
				INFOPLIST_FILE = RakeTests/Info.plist;
				IPHONEOS_DEPLOYMENT_TARGET = 8.3;
				LD_RUNPATH_SEARCH_PATHS = "$(inherited) @executable_path/Frameworks @loader_path/Frameworks";
				MTL_ENABLE_DEBUG_INFO = YES;
				ONLY_ACTIVE_ARCH = YES;
				PRODUCT_NAME = "$(TARGET_NAME)";
				SDKROOT = iphoneos;
			};
			name = Debug;
		};
		74B5E16340CB108349141487 /* Debug */ = {
			isa = XCBuildConfiguration;
			buildSettings = {
				CODE_SIGN_IDENTITY = "iPhone Developer: Hoon Park (2HZ2EL29E3)";
				ONLY_ACTIVE_ARCH = YES;
			};
			name = Debug;
		};
		74B5E4056D3C6324679DE36F /* Release */ = {
			isa = XCBuildConfiguration;
			buildSettings = {
				CODE_SIGN_IDENTITY = "iPhone Developer: Hoon Park (2HZ2EL29E3)";
			};
			name = Release;
		};
		74B5E5784EF8FDBC141E2050 /* Debug */ = {
			isa = XCBuildConfiguration;
			buildSettings = {
				ALWAYS_SEARCH_USER_PATHS = NO;
				ASSETCATALOG_COMPILER_APPICON_NAME = AppIcon;
				CLANG_CXX_LANGUAGE_STANDARD = "gnu++0x";
				CLANG_CXX_LIBRARY = "libc++";
				CLANG_ENABLE_MODULES = YES;
				CLANG_ENABLE_OBJC_ARC = YES;
				CLANG_WARN_BOOL_CONVERSION = YES;
				CLANG_WARN_CONSTANT_CONVERSION = YES;
				CLANG_WARN_DIRECT_OBJC_ISA_USAGE = YES_ERROR;
				CLANG_WARN_EMPTY_BODY = YES;
				CLANG_WARN_ENUM_CONVERSION = YES;
				CLANG_WARN_INT_CONVERSION = YES;
				CLANG_WARN_OBJC_ROOT_CLASS = YES_ERROR;
				CLANG_WARN_UNREACHABLE_CODE = YES;
				CLANG_WARN__DUPLICATE_METHOD_MATCH = YES;
				"CODE_SIGN_IDENTITY[sdk=iphoneos*]" = "iPhone Developer";
				COPY_PHASE_STRIP = NO;
				DEBUG_INFORMATION_FORMAT = "dwarf-with-dsym";
				ENABLE_STRICT_OBJC_MSGSEND = YES;
				GCC_C_LANGUAGE_STANDARD = gnu99;
				GCC_DYNAMIC_NO_PIC = NO;
				GCC_NO_COMMON_BLOCKS = YES;
				GCC_OPTIMIZATION_LEVEL = 0;
				GCC_PREPROCESSOR_DEFINITIONS = (
					"DEBUG=1",
					"$(inherited)",
				);
				GCC_SYMBOLS_PRIVATE_EXTERN = NO;
				GCC_WARN_64_TO_32_BIT_CONVERSION = YES;
				GCC_WARN_ABOUT_RETURN_TYPE = YES_ERROR;
				GCC_WARN_UNDECLARED_SELECTOR = YES;
				GCC_WARN_UNINITIALIZED_AUTOS = YES_AGGRESSIVE;
				GCC_WARN_UNUSED_FUNCTION = YES;
				GCC_WARN_UNUSED_VARIABLE = YES;
				INFOPLIST_FILE = TestApp/Info.plist;
				IPHONEOS_DEPLOYMENT_TARGET = 8.3;
				LD_RUNPATH_SEARCH_PATHS = "$(inherited) @executable_path/Frameworks";
				MTL_ENABLE_DEBUG_INFO = YES;
				ONLY_ACTIVE_ARCH = YES;
				PRODUCT_NAME = "$(TARGET_NAME)";
				SDKROOT = iphoneos;
				TARGETED_DEVICE_FAMILY = "1,2";
			};
			name = Debug;
		};
		74B5E5A5CAADF5EDFDBAC94E /* Release */ = {
			isa = XCBuildConfiguration;
			buildSettings = {
				ALWAYS_SEARCH_USER_PATHS = NO;
				CLANG_CXX_LANGUAGE_STANDARD = "gnu++0x";
				CLANG_CXX_LIBRARY = "libc++";
				CLANG_ENABLE_MODULES = YES;
				CLANG_ENABLE_OBJC_ARC = YES;
				CLANG_WARN_BOOL_CONVERSION = YES;
				CLANG_WARN_CONSTANT_CONVERSION = YES;
				CLANG_WARN_DIRECT_OBJC_ISA_USAGE = YES_ERROR;
				CLANG_WARN_EMPTY_BODY = YES;
				CLANG_WARN_ENUM_CONVERSION = YES;
				CLANG_WARN_INT_CONVERSION = YES;
				CLANG_WARN_OBJC_ROOT_CLASS = YES_ERROR;
				CLANG_WARN_UNREACHABLE_CODE = YES;
				CLANG_WARN__DUPLICATE_METHOD_MATCH = YES;
				"CODE_SIGN_IDENTITY[sdk=iphoneos*]" = "iPhone Developer";
				COPY_PHASE_STRIP = NO;
				CURRENT_PROJECT_VERSION = 1;
				DEBUG_INFORMATION_FORMAT = "dwarf-with-dsym";
				DEFINES_MODULE = YES;
				DYLIB_COMPATIBILITY_VERSION = 1;
				DYLIB_CURRENT_VERSION = 1;
				DYLIB_INSTALL_NAME_BASE = "@rpath";
				ENABLE_NS_ASSERTIONS = NO;
				ENABLE_STRICT_OBJC_MSGSEND = YES;
				GCC_C_LANGUAGE_STANDARD = gnu99;
				GCC_NO_COMMON_BLOCKS = YES;
				GCC_WARN_64_TO_32_BIT_CONVERSION = YES;
				GCC_WARN_ABOUT_RETURN_TYPE = YES_ERROR;
				GCC_WARN_UNDECLARED_SELECTOR = YES;
				GCC_WARN_UNINITIALIZED_AUTOS = YES_AGGRESSIVE;
				GCC_WARN_UNUSED_FUNCTION = YES;
				GCC_WARN_UNUSED_VARIABLE = YES;
				INFOPLIST_FILE = Rake/Info.plist;
				INSTALL_PATH = "$(LOCAL_LIBRARY_DIR)/Frameworks";
				IPHONEOS_DEPLOYMENT_TARGET = 8.3;
				LD_RUNPATH_SEARCH_PATHS = "$(inherited) @executable_path/Frameworks @loader_path/Frameworks";
				MTL_ENABLE_DEBUG_INFO = NO;
				PRODUCT_NAME = "$(TARGET_NAME)";
				SDKROOT = iphoneos;
				SKIP_INSTALL = YES;
				TARGETED_DEVICE_FAMILY = "1,2";
				VALIDATE_PRODUCT = YES;
				VERSIONING_SYSTEM = "apple-generic";
				VERSION_INFO_PREFIX = "";
			};
			name = Release;
		};
		74B5E6E94EAADC69EFE5249B /* Debug */ = {
			isa = XCBuildConfiguration;
			buildSettings = {
				ALWAYS_SEARCH_USER_PATHS = NO;
				CLANG_CXX_LANGUAGE_STANDARD = "gnu++0x";
				CLANG_CXX_LIBRARY = "libc++";
				CLANG_ENABLE_MODULES = YES;
				CLANG_ENABLE_OBJC_ARC = YES;
				CLANG_WARN_BOOL_CONVERSION = YES;
				CLANG_WARN_CONSTANT_CONVERSION = YES;
				CLANG_WARN_DIRECT_OBJC_ISA_USAGE = YES_ERROR;
				CLANG_WARN_EMPTY_BODY = YES;
				CLANG_WARN_ENUM_CONVERSION = YES;
				CLANG_WARN_INT_CONVERSION = YES;
				CLANG_WARN_OBJC_ROOT_CLASS = YES_ERROR;
				CLANG_WARN_UNREACHABLE_CODE = YES;
				CLANG_WARN__DUPLICATE_METHOD_MATCH = YES;
				"CODE_SIGN_IDENTITY[sdk=iphoneos*]" = "iPhone Developer";
				COPY_PHASE_STRIP = NO;
				CURRENT_PROJECT_VERSION = 1;
				DEBUG_INFORMATION_FORMAT = "dwarf-with-dsym";
				DEFINES_MODULE = YES;
				DYLIB_COMPATIBILITY_VERSION = 1;
				DYLIB_CURRENT_VERSION = 1;
				DYLIB_INSTALL_NAME_BASE = "@rpath";
				ENABLE_STRICT_OBJC_MSGSEND = YES;
				GCC_C_LANGUAGE_STANDARD = gnu99;
				GCC_DYNAMIC_NO_PIC = NO;
				GCC_NO_COMMON_BLOCKS = YES;
				GCC_OPTIMIZATION_LEVEL = 0;
				GCC_PREPROCESSOR_DEFINITIONS = (
					"DEBUG=1",
					"$(inherited)",
				);
				GCC_SYMBOLS_PRIVATE_EXTERN = NO;
				GCC_WARN_64_TO_32_BIT_CONVERSION = YES;
				GCC_WARN_ABOUT_RETURN_TYPE = YES_ERROR;
				GCC_WARN_UNDECLARED_SELECTOR = YES;
				GCC_WARN_UNINITIALIZED_AUTOS = YES_AGGRESSIVE;
				GCC_WARN_UNUSED_FUNCTION = YES;
				GCC_WARN_UNUSED_VARIABLE = YES;
				INFOPLIST_FILE = Rake/Info.plist;
				INSTALL_PATH = "$(LOCAL_LIBRARY_DIR)/Frameworks";
				IPHONEOS_DEPLOYMENT_TARGET = 8.3;
				LD_RUNPATH_SEARCH_PATHS = "$(inherited) @executable_path/Frameworks @loader_path/Frameworks";
				MTL_ENABLE_DEBUG_INFO = YES;
				ONLY_ACTIVE_ARCH = YES;
				PRODUCT_NAME = "$(TARGET_NAME)";
				SDKROOT = iphoneos;
				SKIP_INSTALL = YES;
				TARGETED_DEVICE_FAMILY = "1,2";
				VERSIONING_SYSTEM = "apple-generic";
				VERSION_INFO_PREFIX = "";
			};
			name = Debug;
		};
		74B5EBF9EEC8EFA515D8B313 /* Release */ = {
			isa = XCBuildConfiguration;
			buildSettings = {
				ALWAYS_SEARCH_USER_PATHS = NO;
				CLANG_CXX_LANGUAGE_STANDARD = "gnu++0x";
				CLANG_CXX_LIBRARY = "libc++";
				CLANG_ENABLE_MODULES = YES;
				CLANG_ENABLE_OBJC_ARC = YES;
				CLANG_WARN_BOOL_CONVERSION = YES;
				CLANG_WARN_CONSTANT_CONVERSION = YES;
				CLANG_WARN_DIRECT_OBJC_ISA_USAGE = YES_ERROR;
				CLANG_WARN_EMPTY_BODY = YES;
				CLANG_WARN_ENUM_CONVERSION = YES;
				CLANG_WARN_INT_CONVERSION = YES;
				CLANG_WARN_OBJC_ROOT_CLASS = YES_ERROR;
				CLANG_WARN_UNREACHABLE_CODE = YES;
				CLANG_WARN__DUPLICATE_METHOD_MATCH = YES;
				"CODE_SIGN_IDENTITY[sdk=iphoneos*]" = "iPhone Developer";
				COPY_PHASE_STRIP = NO;
				DEBUG_INFORMATION_FORMAT = "dwarf-with-dsym";
				ENABLE_NS_ASSERTIONS = NO;
				ENABLE_STRICT_OBJC_MSGSEND = YES;
				FRAMEWORK_SEARCH_PATHS = (
					"$(SDKROOT)/Developer/Library/Frameworks",
					"$(inherited)",
				);
				GCC_C_LANGUAGE_STANDARD = gnu99;
				GCC_NO_COMMON_BLOCKS = YES;
				GCC_WARN_64_TO_32_BIT_CONVERSION = YES;
				GCC_WARN_ABOUT_RETURN_TYPE = YES_ERROR;
				GCC_WARN_UNDECLARED_SELECTOR = YES;
				GCC_WARN_UNINITIALIZED_AUTOS = YES_AGGRESSIVE;
				GCC_WARN_UNUSED_FUNCTION = YES;
				GCC_WARN_UNUSED_VARIABLE = YES;
				INFOPLIST_FILE = RakeTests/Info.plist;
				IPHONEOS_DEPLOYMENT_TARGET = 8.3;
				LD_RUNPATH_SEARCH_PATHS = "$(inherited) @executable_path/Frameworks @loader_path/Frameworks";
				MTL_ENABLE_DEBUG_INFO = NO;
				PRODUCT_NAME = "$(TARGET_NAME)";
				SDKROOT = iphoneos;
				VALIDATE_PRODUCT = YES;
			};
			name = Release;
		};
		74B5ECB68473F85C274E2FA6 /* Release */ = {
			isa = XCBuildConfiguration;
			buildSettings = {
				ALWAYS_SEARCH_USER_PATHS = NO;
				ASSETCATALOG_COMPILER_APPICON_NAME = AppIcon;
				CLANG_CXX_LANGUAGE_STANDARD = "gnu++0x";
				CLANG_CXX_LIBRARY = "libc++";
				CLANG_ENABLE_MODULES = YES;
				CLANG_ENABLE_OBJC_ARC = YES;
				CLANG_WARN_BOOL_CONVERSION = YES;
				CLANG_WARN_CONSTANT_CONVERSION = YES;
				CLANG_WARN_DIRECT_OBJC_ISA_USAGE = YES_ERROR;
				CLANG_WARN_EMPTY_BODY = YES;
				CLANG_WARN_ENUM_CONVERSION = YES;
				CLANG_WARN_INT_CONVERSION = YES;
				CLANG_WARN_OBJC_ROOT_CLASS = YES_ERROR;
				CLANG_WARN_UNREACHABLE_CODE = YES;
				CLANG_WARN__DUPLICATE_METHOD_MATCH = YES;
				"CODE_SIGN_IDENTITY[sdk=iphoneos*]" = "iPhone Developer";
				COPY_PHASE_STRIP = NO;
				DEBUG_INFORMATION_FORMAT = "dwarf-with-dsym";
				ENABLE_NS_ASSERTIONS = NO;
				ENABLE_STRICT_OBJC_MSGSEND = YES;
				GCC_C_LANGUAGE_STANDARD = gnu99;
				GCC_NO_COMMON_BLOCKS = YES;
				GCC_WARN_64_TO_32_BIT_CONVERSION = YES;
				GCC_WARN_ABOUT_RETURN_TYPE = YES_ERROR;
				GCC_WARN_UNDECLARED_SELECTOR = YES;
				GCC_WARN_UNINITIALIZED_AUTOS = YES_AGGRESSIVE;
				GCC_WARN_UNUSED_FUNCTION = YES;
				GCC_WARN_UNUSED_VARIABLE = YES;
				INFOPLIST_FILE = TestApp/Info.plist;
				IPHONEOS_DEPLOYMENT_TARGET = 8.3;
				LD_RUNPATH_SEARCH_PATHS = "$(inherited) @executable_path/Frameworks";
				MTL_ENABLE_DEBUG_INFO = NO;
				PRODUCT_NAME = "$(TARGET_NAME)";
				SDKROOT = iphoneos;
				TARGETED_DEVICE_FAMILY = "1,2";
				VALIDATE_PRODUCT = YES;
			};
			name = Release;
		};
		74B5EDB8E9AA1DC1017BC04C /* Release */ = {
			isa = XCBuildConfiguration;
			buildSettings = {
				ALWAYS_SEARCH_USER_PATHS = NO;
				BUNDLE_LOADER = "$(BUILT_PRODUCTS_DIR)/TestApp.app/TestApp";
				CLANG_CXX_LANGUAGE_STANDARD = "gnu++0x";
				CLANG_CXX_LIBRARY = "libc++";
				CLANG_ENABLE_MODULES = YES;
				CLANG_ENABLE_OBJC_ARC = YES;
				CLANG_WARN_BOOL_CONVERSION = YES;
				CLANG_WARN_CONSTANT_CONVERSION = YES;
				CLANG_WARN_DIRECT_OBJC_ISA_USAGE = YES_ERROR;
				CLANG_WARN_EMPTY_BODY = YES;
				CLANG_WARN_ENUM_CONVERSION = YES;
				CLANG_WARN_INT_CONVERSION = YES;
				CLANG_WARN_OBJC_ROOT_CLASS = YES_ERROR;
				CLANG_WARN_UNREACHABLE_CODE = YES;
				CLANG_WARN__DUPLICATE_METHOD_MATCH = YES;
				COPY_PHASE_STRIP = NO;
				DEBUG_INFORMATION_FORMAT = "dwarf-with-dsym";
				ENABLE_NS_ASSERTIONS = NO;
				ENABLE_STRICT_OBJC_MSGSEND = YES;
				FRAMEWORK_SEARCH_PATHS = (
					"$(SDKROOT)/Developer/Library/Frameworks",
					"$(inherited)",
				);
				GCC_C_LANGUAGE_STANDARD = gnu99;
				GCC_NO_COMMON_BLOCKS = YES;
				GCC_WARN_64_TO_32_BIT_CONVERSION = YES;
				GCC_WARN_ABOUT_RETURN_TYPE = YES_ERROR;
				GCC_WARN_UNDECLARED_SELECTOR = YES;
				GCC_WARN_UNINITIALIZED_AUTOS = YES_AGGRESSIVE;
				GCC_WARN_UNUSED_FUNCTION = YES;
				GCC_WARN_UNUSED_VARIABLE = YES;
				INFOPLIST_FILE = TestAppTests/Info.plist;
				IPHONEOS_DEPLOYMENT_TARGET = 8.3;
				LD_RUNPATH_SEARCH_PATHS = "$(inherited) @executable_path/Frameworks @loader_path/Frameworks";
				MTL_ENABLE_DEBUG_INFO = NO;
				PRODUCT_NAME = "$(TARGET_NAME)";
				SDKROOT = iphoneos;
				TEST_HOST = "$(BUNDLE_LOADER)";
				VALIDATE_PRODUCT = YES;
			};
			name = Release;
		};
		74B5EEDC4087C5D7402A9A7F /* Debug */ = {
			isa = XCBuildConfiguration;
			buildSettings = {
				ALWAYS_SEARCH_USER_PATHS = NO;
				BUNDLE_LOADER = "$(BUILT_PRODUCTS_DIR)/TestApp.app/TestApp";
				CLANG_CXX_LANGUAGE_STANDARD = "gnu++0x";
				CLANG_CXX_LIBRARY = "libc++";
				CLANG_ENABLE_MODULES = YES;
				CLANG_ENABLE_OBJC_ARC = YES;
				CLANG_WARN_BOOL_CONVERSION = YES;
				CLANG_WARN_CONSTANT_CONVERSION = YES;
				CLANG_WARN_DIRECT_OBJC_ISA_USAGE = YES_ERROR;
				CLANG_WARN_EMPTY_BODY = YES;
				CLANG_WARN_ENUM_CONVERSION = YES;
				CLANG_WARN_INT_CONVERSION = YES;
				CLANG_WARN_OBJC_ROOT_CLASS = YES_ERROR;
				CLANG_WARN_UNREACHABLE_CODE = YES;
				CLANG_WARN__DUPLICATE_METHOD_MATCH = YES;
				COPY_PHASE_STRIP = NO;
				DEBUG_INFORMATION_FORMAT = "dwarf-with-dsym";
				ENABLE_STRICT_OBJC_MSGSEND = YES;
				FRAMEWORK_SEARCH_PATHS = (
					"$(SDKROOT)/Developer/Library/Frameworks",
					"$(inherited)",
				);
				GCC_C_LANGUAGE_STANDARD = gnu99;
				GCC_DYNAMIC_NO_PIC = NO;
				GCC_NO_COMMON_BLOCKS = YES;
				GCC_OPTIMIZATION_LEVEL = 0;
				GCC_PREPROCESSOR_DEFINITIONS = (
					"DEBUG=1",
					"$(inherited)",
				);
				GCC_SYMBOLS_PRIVATE_EXTERN = NO;
				GCC_WARN_64_TO_32_BIT_CONVERSION = YES;
				GCC_WARN_ABOUT_RETURN_TYPE = YES_ERROR;
				GCC_WARN_UNDECLARED_SELECTOR = YES;
				GCC_WARN_UNINITIALIZED_AUTOS = YES_AGGRESSIVE;
				GCC_WARN_UNUSED_FUNCTION = YES;
				GCC_WARN_UNUSED_VARIABLE = YES;
				INFOPLIST_FILE = TestAppTests/Info.plist;
				IPHONEOS_DEPLOYMENT_TARGET = 8.3;
				LD_RUNPATH_SEARCH_PATHS = "$(inherited) @executable_path/Frameworks @loader_path/Frameworks";
				MTL_ENABLE_DEBUG_INFO = YES;
				ONLY_ACTIVE_ARCH = YES;
				PRODUCT_NAME = "$(TARGET_NAME)";
				SDKROOT = iphoneos;
				TEST_HOST = "$(BUNDLE_LOADER)";
			};
			name = Debug;
		};
/* End XCBuildConfiguration section */

/* Begin XCConfigurationList section */
		74B5E112C64F72AC31821F1E /* Build configuration list for PBXNativeTarget "Rake" */ = {
			isa = XCConfigurationList;
			buildConfigurations = (
				74B5E6E94EAADC69EFE5249B /* Debug */,
				74B5E5A5CAADF5EDFDBAC94E /* Release */,
			);
			defaultConfigurationIsVisible = 0;
			defaultConfigurationName = Release;
		};
		74B5E5203D5FACC3C5D83C35 /* Build configuration list for PBXNativeTarget "TestAppTests" */ = {
			isa = XCConfigurationList;
			buildConfigurations = (
				74B5EEDC4087C5D7402A9A7F /* Debug */,
				74B5EDB8E9AA1DC1017BC04C /* Release */,
			);
			defaultConfigurationIsVisible = 0;
			defaultConfigurationName = Release;
		};
		74B5EB7CC1A5505C3C939B7B /* Build configuration list for PBXNativeTarget "RakeTests" */ = {
			isa = XCConfigurationList;
			buildConfigurations = (
				74B5E0D00939588494763BD0 /* Debug */,
				74B5EBF9EEC8EFA515D8B313 /* Release */,
			);
			defaultConfigurationIsVisible = 0;
			defaultConfigurationName = Release;
		};
		74B5EBB649821BEE466F135F /* Build configuration list for PBXProject "iphone" */ = {
			isa = XCConfigurationList;
			buildConfigurations = (
				74B5E16340CB108349141487 /* Debug */,
				74B5E4056D3C6324679DE36F /* Release */,
			);
			defaultConfigurationIsVisible = 0;
			defaultConfigurationName = Release;
		};
		74B5EBC29BE50172925D829D /* Build configuration list for PBXNativeTarget "TestApp" */ = {
			isa = XCConfigurationList;
			buildConfigurations = (
				74B5E5784EF8FDBC141E2050 /* Debug */,
				74B5ECB68473F85C274E2FA6 /* Release */,
			);
			defaultConfigurationIsVisible = 0;
			defaultConfigurationName = Release;
		};
/* End XCConfigurationList section */
	};
	rootObject = 74B5E3E348F48EF8C6D38BCA /* Project object */;
}
